# @generated - this file is auto-generated by `mise lock` https://mise.jdx.dev/dev-tools/mise-lock.html

[[tools.dagger]]
version = "0.21.9"
backend = "aqua:dagger/dagger"

[tools.dagger."platforms.linux-arm64"]
checksum = "sha256:3bc8334ccde404f66f0a8e29807e4327c7893990c3211691680c5f07f8273f3a"
url = "https://github.com/dagger/dagger/releases/download/v0.21.9/dagger_v0.21.9_linux_arm64.tar.gz"
url_api = "https://api.github.com/repos/dagger/dagger/releases/assets/530870098"

[tools.dagger."platforms.linux-arm64-musl"]
checksum = "sha256:3bc8334ccde404f66f0a8e29807e4327c7893990c3211691680c5f07f8273f3a"
url = "https://github.com/dagger/dagger/releases/download/v0.21.9/dagger_v0.21.9_linux_arm64.tar.gz"
url_api = "https://api.github.com/repos/dagger/dagger/releases/assets/530870098"

[tools.dagger."platforms.linux-x64"]
checksum = "sha256:33eea0b08d6be444bada18e64b2216459100d6070abcb4b5345cee40c9fff982"
url = "https://github.com/dagger/dagger/releases/download/v0.21.9/dagger_v0.21.9_linux_amd64.tar.gz"
url_api = "https://api.github.com/repos/dagger/dagger/releases/assets/530870096"

[tools.dagger."platforms.linux-x64-musl"]
checksum = "sha256:33eea0b08d6be444bada18e64b2216459100d6070abcb4b5345cee40c9fff982"
url = "https://github.com/dagger/dagger/releases/download/v0.21.9/dagger_v0.21.9_linux_amd64.tar.gz"
url_api = "https://api.github.com/repos/dagger/dagger/releases/assets/530870096"

[tools.dagger."platforms.macos-arm64"]
checksum = "sha256:551a4d5432860547bf4f088181cbd0902668289171959de97568ea0f0ecb35ee"
url = "https://github.com/dagger/dagger/releases/download/v0.21.9/dagger_v0.21.9_darwin_arm64.tar.gz"
url_api = "https://api.github.com/repos/dagger/dagger/releases/assets/530870101"

[tools.dagger."platforms.macos-x64"]
checksum = "sha256:2ed6e998d820bfb4800ed5644e1b9586f03078b14243c7fdf3bdd9e0eb0d5bfe"
url = "https://github.com/dagger/dagger/releases/download/v0.21.9/dagger_v0.21.9_darwin_amd64.tar.gz"
url_api = "https://api.github.com/repos/dagger/dagger/releases/assets/530870097"

[tools.dagger."platforms.windows-x64"]
checksum = "sha256:4ade22eac31f1d6ea364e1e594e1b67c01a62640249b716ccc172407eecc5a01"
url = "https://github.com/dagger/dagger/releases/download/v0.21.9/dagger_v0.21.9_windows_amd64.zip"
url_api = "https://api.github.com/repos/dagger/dagger/releases/assets/530870102"

[[tools.jq]]
version = "1.7.1"
backend = "aqua:jqlang/jq"

[tools.jq."platforms.linux-arm64"]
checksum = "sha256:4dd2d8a0661df0b22f1bb9a1f9830f06b6f3b8f7d91211a1ef5d7c4f06a8b4a5"
url = "https://github.com/jqlang/jq/releases/download/jq-1.7.1/jq-linux-arm64"
url_api = "https://api.github.com/repos/jqlang/jq/releases/assets/140520982"

[tools.jq."platforms.linux-arm64-musl"]
checksum = "sha256:4dd2d8a0661df0b22f1bb9a1f9830f06b6f3b8f7d91211a1ef5d7c4f06a8b4a5"
url = "https://github.com/jqlang/jq/releases/download/jq-1.7.1/jq-linux-arm64"
url_api = "https://api.github.com/repos/jqlang/jq/releases/assets/140520982"

[tools.jq."platforms.linux-x64"]
checksum = "sha256:5942c9b0934e510ee61eb3e30273f1b3fe2590df93933a93d7c58b81d19c8ff5"
url = "https://github.com/jqlang/jq/releases/download/jq-1.7.1/jq-linux-amd64"
url_api = "https://api.github.com/repos/jqlang/jq/releases/assets/140520984"

[tools.jq."platforms.linux-x64-musl"]
checksum = "sha256:5942c9b0934e510ee61eb3e30273f1b3fe2590df93933a93d7c58b81d19c8ff5"
url = "https://github.com/jqlang/jq/releases/download/jq-1.7.1/jq-linux-amd64"
url_api = "https://api.github.com/repos/jqlang/jq/releases/assets/140520984"

[tools.jq."platforms.macos-arm64"]
checksum = "sha256:0bbe619e663e0de2c550be2fe0d240d076799d6f8a652b70fa04aea8a8362e8a"
url = "https://github.com/jqlang/jq/releases/download/jq-1.7.1/jq-macos-arm64"
url_api = "https://api.github.com/repos/jqlang/jq/releases/assets/140521010"

[tools.jq."platforms.macos-x64"]
checksum = "sha256:4155822bbf5ea90f5c79cf254665975eb4274d426d0709770c21774de5407443"
url = "https://github.com/jqlang/jq/releases/download/jq-1.7.1/jq-macos-amd64"
url_api = "https://api.github.com/repos/jqlang/jq/releases/assets/140521009"

[tools.jq."platforms.windows-x64"]
checksum = "sha256:7451fbbf37feffb9bf262bd97c54f0da558c63f0748e64152dd87b0a07b6d6ab"
url = "https://github.com/jqlang/jq/releases/download/jq-1.7.1/jq-windows-amd64.exe"
url_api = "https://api.github.com/repos/jqlang/jq/releases/assets/140521015"
